
Microsoft Visual Studio Solution File, Format Version 12.00
# Visual Studio Version 17
VisualStudioVersion = 17.3.32825.248
MinimumVisualStudioVersion = 10.0.40219.1
Project("{FAE04EC0-301F-11D3-BF4B-00C04F79EFBC}") = "ToDo", "ToDo\ToDo.csproj", "{12895D1A-CCB6-48CB-815F-022AA0FA30F1}"
EndProject
Global
	GlobalSection(SolutionConfigurationPlatforms) = preSolution
		Debug|Any CPU = Debug|Any CPU
		Release|Any CPU = Release|Any CPU
	EndGlobalSection
	GlobalSection(ProjectConfigurationPlatforms) = postSolution
		{12895D1A-CCB6-48CB-815F-022AA0FA30F1}.Debug|Any CPU.ActiveCfg = Debug|Any CPU
		{12895D1A-CCB6-48CB-815F-022AA0FA30F1}.Debug|Any CPU.Build.0 = Debug|Any CPU
		{12895D1A-CCB6-48CB-815F-022AA0FA30F1}.Release|Any CPU.ActiveCfg = Release|Any CPU
		{12895D1A-CCB6-48CB-815F-022AA0FA30F1}.Release|Any CPU.Build.0 = Release|Any CPU
	EndGlobalSection
	GlobalSection(SolutionProperties) = preSolution
		HideSolutionNode = FALSE
	EndGlobalSection
	GlobalSection(ExtensibilityGlobals) = postSolution
		SolutionGuid = {3C81979E-34EE-4AF9-B007-4E26520B002C}
	EndGlobalSection
EndGlobal
